{
    "_meta": {
        "hash": {
            "sha256": "dbc46796712183a8e561ba55c1bcfbf632000ea17660391cff2e12b319a98560"
        },
        "pipfile-spec": 6,
        "requires": {
            "python_version": "3.9"
        },
        "sources": [
            {
                "name": "pypi",
                "url": "https://pypi.org/simple",
                "verify_ssl": true
            }
        ]
    },
    "default": {
        "asgiref": {
            "hashes": [
                "sha256:7e06d934a7718bf3975acbf87780ba678957b87c7adc056f13b6215d610695a0",
                "sha256:ea448f92fc35a0ef4b1508f53a04c4670255a3f33d22a81c8fc9c872036adbe5"
            ],
            "index": "pypi",
            "version": "==3.2.3"
        },
        "django": {
            "hashes": [
                "sha256:7c3543e4fb070d14e10926189a7fcf42ba919263b7473dceaefce34d54e8a119",
                "sha256:a2814bffd1f007805b19194eb0b9a331933b82bd5da1c3ba3d7b7ba16e06dc4b"
            ],
            "index": "pypi",
            "version": "==2.2"
        },
        "html5lib": {
            "hashes": [
                "sha256:20b159aa3badc9d5ee8f5c647e5efd02ed2a66ab8d354930bd9ff139fc1dc0a3",
                "sha256:66cb0dcfdbbc4f9c3ba1a63fdb511ffdbd4f513b2b6d81b80cd26ce6b3fb3736"
            ],
            "index": "pypi",
            "version": "==1.0.1"
        },
        "jsonfield": {
            "hashes": [
                "sha256:a0a7fdee736ff049059409752b045281a225610fecbda9b9bd588ba976493c12",
                "sha256:beb1cd4850d6d6351c32daefcb826c01757744e9c863228a642f87a1a4acb834"
            ],
            "index": "pypi",
            "version": "==2.0.2"
        },
        "pillow": {
            "hashes": [
                "sha256:03b27b197deb4ee400ed57d8d4e572d2d8d80f825b6634daf6e2c18c3c6ccfa6",
                "sha256:0b281fcadbb688607ea6ece7649c5d59d4bbd574e90db6cd030e9e85bde9fecc",
                "sha256:0ebd8b9137630a7bbbff8c4b31e774ff05bbb90f7911d93ea2c9371e41039b52",
                "sha256:113723312215b25c22df1fdf0e2da7a3b9c357a7d24a93ebbe80bfda4f37a8d4",
                "sha256:2d16b6196fb7a54aff6b5e3ecd00f7c0bab1b56eee39214b2b223a9d938c50af",
                "sha256:2fd8053e1f8ff1844419842fd474fc359676b2e2a2b66b11cc59f4fa0a301315",
                "sha256:31b265496e603985fad54d52d11970383e317d11e18e856971bdbb86af7242a4",
                "sha256:3586e12d874ce2f1bc875a3ffba98732ebb12e18fb6d97be482bd62b56803281",
                "sha256:47f5cf60bcb9fbc46011f75c9b45a8b5ad077ca352a78185bd3e7f1d294b98bb",
                "sha256:490e52e99224858f154975db61c060686df8a6b3f0212a678e5d2e2ce24675c9",
                "sha256:500d397ddf4bbf2ca42e198399ac13e7841956c72645513e8ddf243b31ad2128",
                "sha256:52abae4c96b5da630a8b4247de5428f593465291e5b239f3f843a911a3cf0105",
                "sha256:6579f9ba84a3d4f1807c4aab4be06f373017fc65fff43498885ac50a9b47a553",
                "sha256:68e06f8b2248f6dc8b899c3e7ecf02c9f413aab622f4d6190df53a78b93d97a5",
                "sha256:6c5439bfb35a89cac50e81c751317faea647b9a3ec11c039900cd6915831064d",
                "sha256:72c3110228944019e5f27232296c5923398496b28be42535e3b2dc7297b6e8b6",
                "sha256:72f649d93d4cc4d8cf79c91ebc25137c358718ad75f99e99e043325ea7d56100",
                "sha256:7aaf07085c756f6cb1c692ee0d5a86c531703b6e8c9cae581b31b562c16b98ce",
                "sha256:80fe92813d208ce8aa7d76da878bdc84b90809f79ccbad2a288e9bcbeac1d9bd",
                "sha256:95545137fc56ce8c10de646074d242001a112a92de169986abd8c88c27566a05",
                "sha256:97b6d21771da41497b81652d44191489296555b761684f82b7b544c49989110f",
                "sha256:98cb63ca63cb61f594511c06218ab4394bf80388b3d66cd61d0b1f63ee0ea69f",
                "sha256:9f3b4522148586d35e78313db4db0df4b759ddd7649ef70002b6c3767d0fdeb7",
                "sha256:a09a9d4ec2b7887f7a088bbaacfd5c07160e746e3d47ec5e8050ae3b2a229e9f",
                "sha256:b5050d681bcf5c9f2570b93bee5d3ec8ae4cf23158812f91ed57f7126df91762",
                "sha256:bb47a548cea95b86494a26c89d153fd31122ed65255db5dcbc421a2d28eb3379",
                "sha256:bc462d24500ba707e9cbdef436c16e5c8cbf29908278af053008d9f689f56dee",
                "sha256:c2067b3bb0781f14059b112c9da5a91c80a600a97915b4f48b37f197895dd925",
                "sha256:d154ed971a4cc04b93a6d5b47f37948d1f621f25de3e8fa0c26b2d44f24e3e8f",
                "sha256:d5dcea1387331c905405b09cdbfb34611050cc52c865d71f2362f354faee1e9f",
                "sha256:ee6e2963e92762923956fe5d3479b1fdc3b76c83f290aad131a2f98c3df0593e",
                "sha256:fd0e5062f11cb3e730450a7d9f323f4051b532781026395c4323b8ad055523c4"
            ],
            "index": "pypi",
            "version": "==9.0.0"
        },
        "pypdf2": {
            "hashes": [
                "sha256:e28f902f2f0a1603ea95ebe21dff311ef09be3d0f0ef29a3e44a932729564385"
            ],
            "index": "pypi",
            "version": "==1.26.0"
        },
        "pytz": {
            "hashes": [
                "sha256:1c557d7d0e871de1f5ccd5833f60fb2550652da6be2693c1e02300743d21500d",
                "sha256:b02c06db6cf09c12dd25137e563b31700d3b80fcc4ad23abb7a315f2789819be"
            ],
            "index": "pypi",
            "version": "==2019.3"
        },
        "reportlab": {
            "hashes": [
                "sha256:07fdd968df7941c2bfb67b9bb4532f424992dfafc71b72a4e4b291ff707e6b0e",
                "sha256:090ea99ff829d918f7b6140594373b1340a34e1e6876eddae5aa06662ec10d64",
                "sha256:109009b02fc225882ea766a5ed8be0ef473fa1356e252a3f651a6aa89b4a195f",
                "sha256:1dd0307b2b13b0482ac8314fd793fbbce263a428b189371addf0466784e1d597",
                "sha256:236a6483210049205f6180d7a7595d0ca2e4ce343d83cc94ca719a4145809c6f",
                "sha256:26c25ea4afa8b92a2c14f4edc41c8fc30505745ce84cae86538e80cacadd7ae2",
                "sha256:2a0bc7a1d64fe754b62e175ba0cf47a630b529c0488ec9ac4e4c7655e295ea4d",
                "sha256:2c9b0861d8f40d7a24b094b8834f6a489b9e8c70bceaa7fa98237eed229671ce",
                "sha256:39e92fa4ab2a8f0f2cc051d9c1e3acb881340c07ef59c0c8b627861343d653c0",
                "sha256:3a62e51a4a47616896bd0f1e9cc3fbfb174b713794a5031a34b84f69dbe01775",
                "sha256:3fd1ffdd5204301eb4c290a5752ac62f44d2d0b262e02e35a1e5234c13e14662",
                "sha256:498b4ec7e73426de64c6bf6ec03c5b3f10dedf5db8a9e13fdf195f95a3d065aa",
                "sha256:4c599645af9b5b2241a23e977a82c965a59c24cd94b2600b8d34373c66cad763",
                "sha256:4fa3cdf490f3828b055381e8c7dc7819b3e5f7a442d7af7a8f90e9806a7fff51",
                "sha256:55a070206580e161b6bbe1a96abf816c18d4c2c225d49916654714c93d842835",
                "sha256:666bdba4958b348460a765c48b8c0640e7085540846ed9494f47d8651604b33c",
                "sha256:69f41295d696c822224334f0994f1f107df7efed72211d45a1118696f1427c84",
                "sha256:6dfcf7bd6db5d80711cbbd0996b6e7a79cc414ca81457960367df11d2860f92a",
                "sha256:71cf73f9907c444ef663ea653dbac24af07c307079572c3ff8f20ad1463af3b7",
                "sha256:72ec333f089b4fce5a6d740ed0a1963a3994146be195722da0d8e14d4a7e1600",
                "sha256:759495c2b8c15cb0d6b539c246896029e4cde42a896c3956f77e311c5f6b0807",
                "sha256:7a7c3369fa618eca79f9554ce06c618a5e738e592d61d96aa09b2457ca3ea410",
                "sha256:8b1215facead57cc5325aef4229ef886e85d270b2ba02080fb5809ce9d2b81b4",
                "sha256:907f7cd4832bb295d0c1573de15cc5aab5988282caf2ee7a2b1276fb6cdf502b",
                "sha256:93e229519d046491b798f2c12dbbf2f3e237e89589aa5cbb5e1d8c1a978816db",
                "sha256:a12049314497d872f6788f811e2b331654db207937f8a2fb34ff3e3cd9897faa",
                "sha256:a8dddc52e0e486291be0ad39184da0607fae9cc665fdba1881211de9cfc0b332",
                "sha256:adf78ccb2defad5b6ecb2e2e9f2a672719b0a8e2278592a7d77f6c220a042388",
                "sha256:b13cebf4e397bba14542bcd023338b6ff2c151a3a12aabca89eecbf972cb361a",
                "sha256:b3648f3c340b6b6aabf9352341478c708cee6f00c5cd5c902311fcf4ce870f3c",
                "sha256:b6a1b685da0b9a8000bb980e02d9d5be202d0cc539af113b661c76c051fca6f1",
                "sha256:b777ddc57b2d3366cbc540616034cdc1089ca0a31fefc907028e1dd62a6bf16c",
                "sha256:bb83df8f7840321d34cb5b24c972c617a8c1716c8a36e5050fff56adf5891b8c",
                "sha256:c07ec796a2a5d44bf787f2b623b6e668a389b0cafb78af34cf74554ff3bc532b",
                "sha256:c40e108072379ff83dd7442159ebc249d12eb8eec15b70614953fecd2c403792",
                "sha256:c4863c49602722237e35cbce5aa91af4539cc63a671f59504d2b3f3767d898cf",
                "sha256:c56d701f7dc662e1d3d7fe364e66fa1339eafce54a488c2d16ec0ea49dc213c2",
                "sha256:c84afd5bef6e407c80ba9f99b6abbe3ea78e8243b0f19897a871a7bcad1f749d",
                "sha256:cdd206883e999278d2af656f988dfcc89eb0c175ce6d75e87b713cf1e792c0c4",
                "sha256:ce85a204f46c871c8af6fa64b9bbed165456935c1d0bfb2f570a3194f6723ddb",
                "sha256:cee3b6ebef5e4a8654ec5f0effeb1a2bb157ad87b0ac856871d25a805c0f2f90",
                "sha256:d4cecfb48a6cfbfe2caf0fc280cecea999699e63bc98cb02254bd87b39eff677",
                "sha256:db62bed0774778fdf82c609cb9efd0062f2fdcd285be527d01f6be9fd9755888",
                "sha256:f51dcb39e910a853749250c0f82aced80bca3f7315e9c4ee14349eb7cab6a3f8",
                "sha256:f5808e1dac6b66c109d6205ce2aebf84bb89e1a1493b7e6df38932df5ebfb9cf"
            ],
            "index": "pypi",
            "version": "==3.6.12"
        },
        "six": {
            "hashes": [
                "sha256:1f1b7d42e254082a9db6279deae68afb421ceba6158efa6131de7b3003ee93fd",
                "sha256:30f610279e8b2578cab6db20741130331735c781b56053c59c4076da27f06b66"
            ],
            "index": "pypi",
            "version": "==1.13.0"
        },
        "sqlparse": {
            "hashes": [
                "sha256:40afe6b8d4b1117e7dff5504d7a8ce07d9a1b15aeeade8a2d10f130a834f8177",
                "sha256:7c3dca29c022744e95b547e867cee89f4fce4373f3549ccd8797d8eb52cdb873"
            ],
            "index": "pypi",
            "version": "==0.3.0"
        },
        "webencodings": {
            "hashes": [
                "sha256:a0af1213f3c2226497a97e2b3aa01a7e4bee4f403f95be16fc9acd2947514a78",
                "sha256:b36a1c245f2d304965eb4e0a82848379241dc04b865afcc4aab16748587e1923"
            ],
            "index": "pypi",
            "version": "==0.5.1"
        },
        "xhtml2pdf": {
            "hashes": [
                "sha256:86a37e78d7a8d8bb2761746c3d559e12284d92c4d531b3a8a0f8fd632b436f82"
            ],
            "index": "pypi",
            "version": "==0.2.3"
        }
    },
    "develop": {}
}
